# THIS IS AN AUTOGENERATED FILE. DO NOT EDIT THIS FILE DIRECTLY.
# yarn lockfile v1


gemfile@^1.1.0:
  version "1.1.0"
  resolved "https://registry.yarnpkg.com/gemfile/-/gemfile-1.1.0.tgz#7e9601561f9d2a363277119e23f59f650113af73"
  integrity sha512-eEMhjm33hPy172jpgfaF03oMn2mZvCvoQtD0o1kCSeLsBYjbU4hvW2Dx41iGJ2tNIn9HDN0j7+QoMngKczRJSA==
